
Microsoft Visual Studio Solution File, Format Version 12.00
# Visual Studio 15
VisualStudioVersion = 15.0.26124.0
MinimumVisualStudioVersion = 15.0.26124.0
Project("{2150E333-8FDC-42A3-9474-1A3956D46DE8}") = "src", "src", "{5C83AF85-1D9F-40B2-91F4-E22DCCF8056D}"
EndProject
Project("{FAE04EC0-301F-11D3-BF4B-00C04F79EFBC}") = "SimpleAPI", "src\SimpleAPI\SimpleAPI.csproj", "{4BB334AC-9915-490C-BE24-2119EC54AE88}"
EndProject
Project("{2150E333-8FDC-42A3-9474-1A3956D46DE8}") = "test", "test", "{3DE830A1-91D2-4256-93AB-E47D3A1D7030}"
EndProject
Project("{FAE04EC0-301F-11D3-BF4B-00C04F79EFBC}") = "SimpleAPI.Test", "test\SimpleAPI.Test\SimpleAPI.Test.csproj", "{A4E058EA-B513-4F89-AB5B-0FA36F66FDDC}"
EndProject
Global
	GlobalSection(SolutionConfigurationPlatforms) = preSolution
		Debug|Any CPU = Debug|Any CPU
		Debug|x64 = Debug|x64
		Debug|x86 = Debug|x86
		Release|Any CPU = Release|Any CPU
		Release|x64 = Release|x64
		Release|x86 = Release|x86
	EndGlobalSection
	GlobalSection(SolutionProperties) = preSolution
		HideSolutionNode = FALSE
	EndGlobalSection
	GlobalSection(ProjectConfigurationPlatforms) = postSolution
		{4BB334AC-9915-490C-BE24-2119EC54AE88}.Debug|Any CPU.ActiveCfg = Debug|Any CPU
		{4BB334AC-9915-490C-BE24-2119EC54AE88}.Debug|Any CPU.Build.0 = Debug|Any CPU
		{4BB334AC-9915-490C-BE24-2119EC54AE88}.Debug|x64.ActiveCfg = Debug|Any CPU
		{4BB334AC-9915-490C-BE24-2119EC54AE88}.Debug|x64.Build.0 = Debug|Any CPU
		{4BB334AC-9915-490C-BE24-2119EC54AE88}.Debug|x86.ActiveCfg = Debug|Any CPU
		{4BB334AC-9915-490C-BE24-2119EC54AE88}.Debug|x86.Build.0 = Debug|Any CPU
		{4BB334AC-9915-490C-BE24-2119EC54AE88}.Release|Any CPU.ActiveCfg = Release|Any CPU
		{4BB334AC-9915-490C-BE24-2119EC54AE88}.Release|Any CPU.Build.0 = Release|Any CPU
		{4BB334AC-9915-490C-BE24-2119EC54AE88}.Release|x64.ActiveCfg = Release|Any CPU
		{4BB334AC-9915-490C-BE24-2119EC54AE88}.Release|x64.Build.0 = Release|Any CPU
		{4BB334AC-9915-490C-BE24-2119EC54AE88}.Release|x86.ActiveCfg = Release|Any CPU
		{4BB334AC-9915-490C-BE24-2119EC54AE88}.Release|x86.Build.0 = Release|Any CPU
		{A4E058EA-B513-4F89-AB5B-0FA36F66FDDC}.Debug|Any CPU.ActiveCfg = Debug|Any CPU
		{A4E058EA-B513-4F89-AB5B-0FA36F66FDDC}.Debug|Any CPU.Build.0 = Debug|Any CPU
		{A4E058EA-B513-4F89-AB5B-0FA36F66FDDC}.Debug|x64.ActiveCfg = Debug|Any CPU
		{A4E058EA-B513-4F89-AB5B-0FA36F66FDDC}.Debug|x64.Build.0 = Debug|Any CPU
		{A4E058EA-B513-4F89-AB5B-0FA36F66FDDC}.Debug|x86.ActiveCfg = Debug|Any CPU
		{A4E058EA-B513-4F89-AB5B-0FA36F66FDDC}.Debug|x86.Build.0 = Debug|Any CPU
		{A4E058EA-B513-4F89-AB5B-0FA36F66FDDC}.Release|Any CPU.ActiveCfg = Release|Any CPU
		{A4E058EA-B513-4F89-AB5B-0FA36F66FDDC}.Release|Any CPU.Build.0 = Release|Any CPU
		{A4E058EA-B513-4F89-AB5B-0FA36F66FDDC}.Release|x64.ActiveCfg = Release|Any CPU
		{A4E058EA-B513-4F89-AB5B-0FA36F66FDDC}.Release|x64.Build.0 = Release|Any CPU
		{A4E058EA-B513-4F89-AB5B-0FA36F66FDDC}.Release|x86.ActiveCfg = Release|Any CPU
		{A4E058EA-B513-4F89-AB5B-0FA36F66FDDC}.Release|x86.Build.0 = Release|Any CPU
	EndGlobalSection
	GlobalSection(NestedProjects) = preSolution
		{4BB334AC-9915-490C-BE24-2119EC54AE88} = {5C83AF85-1D9F-40B2-91F4-E22DCCF8056D}
		{A4E058EA-B513-4F89-AB5B-0FA36F66FDDC} = {3DE830A1-91D2-4256-93AB-E47D3A1D7030}
	EndGlobalSection
EndGlobal
